
Microsoft Visual Studio Solution File, Format Version 12.00
# Visual Studio Version 16
VisualStudioVersion = 16.0.31112.23
MinimumVisualStudioVersion = 10.0.40219.1
Project("{FAE04EC0-301F-11D3-BF4B-00C04F79EFBC}") = "DependencyInjection", "DependencyInjection.csproj", "{45EA0AFB-7C69-4AEC-AD46-6978A6E1ACAA}"
EndProject
Global
	GlobalSection(SolutionConfigurationPlatforms) = preSolution
		Debug|Any CPU = Debug|Any CPU
		Release|Any CPU = Release|Any CPU
	EndGlobalSection
	GlobalSection(ProjectConfigurationPlatforms) = postSolution
		{45EA0AFB-7C69-4AEC-AD46-6978A6E1ACAA}.Debug|Any CPU.ActiveCfg = Debug|Any CPU
		{45EA0AFB-7C69-4AEC-AD46-6978A6E1ACAA}.Debug|Any CPU.Build.0 = Debug|Any CPU
		{45EA0AFB-7C69-4AEC-AD46-6978A6E1ACAA}.Release|Any CPU.ActiveCfg = Release|Any CPU
		{45EA0AFB-7C69-4AEC-AD46-6978A6E1ACAA}.Release|Any CPU.Build.0 = Release|Any CPU
	EndGlobalSection
	GlobalSection(SolutionProperties) = preSolution
		HideSolutionNode = FALSE
	EndGlobalSection
	GlobalSection(ExtensibilityGlobals) = postSolution
		SolutionGuid = {10CA12FD-DF83-4128-B75E-B8942BF73D38}
	EndGlobalSection
EndGlobal
